
Microsoft Visual Studio Solution File, Format Version 12.00
# Visual Studio Version 17
VisualStudioVersion = 17.7.34221.43
MinimumVisualStudioVersion = 10.0.40219.1
Project("{FAE04EC0-301F-11D3-BF4B-00C04F79EFBC}") = "WebApplication2", "WebApplication2\WebApplication2.csproj", "{3EE538C0-9DA0-42E9-AE61-94BEA31D0A89}"
EndProject
Project("{FAE04EC0-301F-11D3-BF4B-00C04F79EFBC}") = "EmployeeTrainningClassLibrary", "EmployeeTrainningClassLibrary\EmployeeTrainningClassLibrary.csproj", "{852D10C3-45A7-45C0-BD78-661E8F222F5F}"
EndProject
Global
	GlobalSection(SolutionConfigurationPlatforms) = preSolution
		Debug|Any CPU = Debug|Any CPU
		Release|Any CPU = Release|Any CPU
	EndGlobalSection
	GlobalSection(ProjectConfigurationPlatforms) = postSolution
		{3EE538C0-9DA0-42E9-AE61-94BEA31D0A89}.Debug|Any CPU.ActiveCfg = Debug|Any CPU
		{3EE538C0-9DA0-42E9-AE61-94BEA31D0A89}.Debug|Any CPU.Build.0 = Debug|Any CPU
		{3EE538C0-9DA0-42E9-AE61-94BEA31D0A89}.Release|Any CPU.ActiveCfg = Release|Any CPU
		{3EE538C0-9DA0-42E9-AE61-94BEA31D0A89}.Release|Any CPU.Build.0 = Release|Any CPU
		{852D10C3-45A7-45C0-BD78-661E8F222F5F}.Debug|Any CPU.ActiveCfg = Debug|Any CPU
		{852D10C3-45A7-45C0-BD78-661E8F222F5F}.Debug|Any CPU.Build.0 = Debug|Any CPU
		{852D10C3-45A7-45C0-BD78-661E8F222F5F}.Release|Any CPU.ActiveCfg = Release|Any CPU
		{852D10C3-45A7-45C0-BD78-661E8F222F5F}.Release|Any CPU.Build.0 = Release|Any CPU
	EndGlobalSection
	GlobalSection(SolutionProperties) = preSolution
		HideSolutionNode = FALSE
	EndGlobalSection
	GlobalSection(ExtensibilityGlobals) = postSolution
		SolutionGuid = {F3D144CC-FA9A-45D1-B413-2BC4679F4EB6}
	EndGlobalSection
EndGlobal
